// !$*UTF8*$!
{
	archiveVersion = 1;
	classes = {
	};
	objectVersion = 56;
	objects = {

/* Begin PBXBuildFile section */
		DD00B1F22B1CB1FB00749721 /* TabBarAssembler.swift in Sources */ = {isa = PBXBuildFile; fileRef = DD00B1F12B1CB1FB00749721 /* TabBarAssembler.swift */; };
		DD4632EB2B164B5A009275D3 /* ParametersHelper.swift in Sources */ = {isa = PBXBuildFile; fileRef = DD4632EA2B164B5A009275D3 /* ParametersHelper.swift */; };
		DD4632F02B165474009275D3 /* OnboardFirstStepVC.swift in Sources */ = {isa = PBXBuildFile; fileRef = DD4632EF2B165474009275D3 /* OnboardFirstStepVC.swift */; };
		DD4632F22B165681009275D3 /* OnboardFirstStepVM.swift in Sources */ = {isa = PBXBuildFile; fileRef = DD4632F12B165681009275D3 /* OnboardFirstStepVM.swift */; };
		DD4632F42B165725009275D3 /* OnboardFirstStepAssembler.swift in Sources */ = {isa = PBXBuildFile; fileRef = DD4632F32B165725009275D3 /* OnboardFirstStepAssembler.swift */; };
		DD4632F62B1657D2009275D3 /* OnboardFirstStepCoordinator.swift in Sources */ = {isa = PBXBuildFile; fileRef = DD4632F52B1657D2009275D3 /* OnboardFirstStepCoordinator.swift */; };
		DD4632FA2B165AEF009275D3 /* OnboardSecondStepVC.swift in Sources */ = {isa = PBXBuildFile; fileRef = DD4632F92B165AEF009275D3 /* OnboardSecondStepVC.swift */; };
		DD4632FC2B165AFA009275D3 /* OnboardSecondStepVM.swift in Sources */ = {isa = PBXBuildFile; fileRef = DD4632FB2B165AFA009275D3 /* OnboardSecondStepVM.swift */; };
		DD4632FE2B165C57009275D3 /* OnboardSecondStepAssembler.swift in Sources */ = {isa = PBXBuildFile; fileRef = DD4632FD2B165C57009275D3 /* OnboardSecondStepAssembler.swift */; };
		DD4633002B165CD8009275D3 /* OnboardSecondStepCoordinator.swift in Sources */ = {isa = PBXBuildFile; fileRef = DD4632FF2B165CD8009275D3 /* OnboardSecondStepCoordinator.swift */; };
		DD4633022B1765B1009275D3 /* UIVC+hideNC.swift in Sources */ = {isa = PBXBuildFile; fileRef = DD4633012B1765B1009275D3 /* UIVC+hideNC.swift */; };
		DD4633062B17C092009275D3 /* HomeVC.swift in Sources */ = {isa = PBXBuildFile; fileRef = DD4633052B17C092009275D3 /* HomeVC.swift */; };
		DD4633082B17C4F0009275D3 /* ProfileVC.swift in Sources */ = {isa = PBXBuildFile; fileRef = DD4633072B17C4F0009275D3 /* ProfileVC.swift */; };
		DD46330B2B17C9CE009275D3 /* TabBarController.swift in Sources */ = {isa = PBXBuildFile; fileRef = DD46330A2B17C9CE009275D3 /* TabBarController.swift */; };
		DD46330D2B17D1A7009275D3 /* Assets.xcassets in Resources */ = {isa = PBXBuildFile; fileRef = DD46330C2B17D1A7009275D3 /* Assets.xcassets */; };
		DD4CF49B2B15F01C00BCDF65 /* ResetCoordinator.swift in Sources */ = {isa = PBXBuildFile; fileRef = DD4CF49A2B15F01C00BCDF65 /* ResetCoordinator.swift */; };
		DD4EBADE2B03DB8500CBABB8 /* RegisterPresenter.swift in Sources */ = {isa = PBXBuildFile; fileRef = DD4EBADD2B03DB8500CBABB8 /* RegisterPresenter.swift */; };
		DD4EBAE02B03E13200CBABB8 /* RegisterAssembler.swift in Sources */ = {isa = PBXBuildFile; fileRef = DD4EBADF2B03E13200CBABB8 /* RegisterAssembler.swift */; };
		DD4EBAE32B03E53000CBABB8 /* KeyboardHelper.swift in Sources */ = {isa = PBXBuildFile; fileRef = DD4EBAE22B03E53000CBABB8 /* KeyboardHelper.swift */; };
		DD53AE812B24A86600D78D24 /* AuthService+Register.swift in Sources */ = {isa = PBXBuildFile; fileRef = DD53AE802B24A86600D78D24 /* AuthService+Register.swift */; };
		DD53AE832B24A94C00D78D24 /* AuthService+Reset.swift in Sources */ = {isa = PBXBuildFile; fileRef = DD53AE822B24A94C00D78D24 /* AuthService+Reset.swift */; };
		DD5C55BB2B0A6AD60080065D /* ResetVM.swift in Sources */ = {isa = PBXBuildFile; fileRef = DD5C55BA2B0A6AD60080065D /* ResetVM.swift */; };
		DD5C55BD2B0A6AEA0080065D /* ResetAssembler.swift in Sources */ = {isa = PBXBuildFile; fileRef = DD5C55BC2B0A6AEA0080065D /* ResetAssembler.swift */; };
		DD5C55C02B0A8D360080065D /* InputValidator+Reset.swift in Sources */ = {isa = PBXBuildFile; fileRef = DD5C55BF2B0A8D360080065D /* InputValidator+Reset.swift */; };
		DD5E1B662AF15F48004512AF /* View+Layer.swift in Sources */ = {isa = PBXBuildFile; fileRef = DD5E1B652AF15F48004512AF /* View+Layer.swift */; };
		DD5E1B692AF1602A004512AF /* UIButton+Styles.swift in Sources */ = {isa = PBXBuildFile; fileRef = DD5E1B682AF1602A004512AF /* UIButton+Styles.swift */; };
		DD5E1B6C2AF16EC7004512AF /* LineTextField.swift in Sources */ = {isa = PBXBuildFile; fileRef = DD5E1B6B2AF16EC7004512AF /* LineTextField.swift */; };
		DD63C5842AF8F029007E6E35 /* String+Locale.swift in Sources */ = {isa = PBXBuildFile; fileRef = DD63C5832AF8F029007E6E35 /* String+Locale.swift */; };
		DD6EA1262AF7813E004E0CF2 /* RegisterVC.swift in Sources */ = {isa = PBXBuildFile; fileRef = DD6EA1252AF7813E004E0CF2 /* RegisterVC.swift */; };
		DD6EA1292AF78435004E0CF2 /* ResetVC.swift in Sources */ = {isa = PBXBuildFile; fileRef = DD6EA1282AF78435004E0CF2 /* ResetVC.swift */; };
		DD6EA12E2AF7E41E004E0CF2 /* Localizable.strings in Resources */ = {isa = PBXBuildFile; fileRef = DD6EA1302AF7E41E004E0CF2 /* Localizable.strings */; };
		DD6F0E2E2B0D124D006EB549 /* AppCoordinator.swift in Sources */ = {isa = PBXBuildFile; fileRef = DD6F0E2D2B0D124D006EB549 /* AppCoordinator.swift */; };
		DD6F0E312B0D129F006EB549 /* Coordinator.swift in Sources */ = {isa = PBXBuildFile; fileRef = DD6F0E302B0D129F006EB549 /* Coordinator.swift */; };
		DD6F0E342B0D1B71006EB549 /* LoginCoordinator.swift in Sources */ = {isa = PBXBuildFile; fileRef = DD6F0E332B0D1B71006EB549 /* LoginCoordinator.swift */; };
		DD6F0E372B0D24C4006EB549 /* RegisterCoordinator.swift in Sources */ = {isa = PBXBuildFile; fileRef = DD6F0E362B0D24C4006EB549 /* RegisterCoordinator.swift */; };
		DD734FF22AF6B99500A2C4F4 /* UILabel+Styles.swift in Sources */ = {isa = PBXBuildFile; fileRef = DD734FF12AF6B99500A2C4F4 /* UILabel+Styles.swift */; };
		DD734FF42AF6BEE800A2C4F4 /* UIView+Styles.swift in Sources */ = {isa = PBXBuildFile; fileRef = DD734FF32AF6BEE800A2C4F4 /* UIView+Styles.swift */; };
		DD9E12EC2B0BAB8500EF5671 /* InputValidator+Register.swift in Sources */ = {isa = PBXBuildFile; fileRef = DD9E12EB2B0BAB8500EF5671 /* InputValidator+Register.swift */; };
		DDA7B6392AFE942D005FEFDB /* UIButton+Actions.swift in Sources */ = {isa = PBXBuildFile; fileRef = DDA7B6382AFE942D005FEFDB /* UIButton+Actions.swift */; };
		DDA7B63B2AFE9780005FEFDB /* LoginVM.swift in Sources */ = {isa = PBXBuildFile; fileRef = DDA7B63A2AFE9780005FEFDB /* LoginVM.swift */; };
		DDA7B63D2AFE97EE005FEFDB /* LoginAssembler.swift in Sources */ = {isa = PBXBuildFile; fileRef = DDA7B63C2AFE97EE005FEFDB /* LoginAssembler.swift */; };
		DDA7B6412AFEA1B4005FEFDB /* InputValidator.swift in Sources */ = {isa = PBXBuildFile; fileRef = DDA7B6402AFEA1B4005FEFDB /* InputValidator.swift */; };
		DDA7B6442AFEA815005FEFDB /* InputValidator+Login.swift in Sources */ = {isa = PBXBuildFile; fileRef = DDA7B6432AFEA815005FEFDB /* InputValidator+Login.swift */; };
		DDB893E62AE824D0002CF4EE /* AppDelegate.swift in Sources */ = {isa = PBXBuildFile; fileRef = DDB893E52AE824D0002CF4EE /* AppDelegate.swift */; };
		DDB893E82AE824D0002CF4EE /* SceneDelegate.swift in Sources */ = {isa = PBXBuildFile; fileRef = DDB893E72AE824D0002CF4EE /* SceneDelegate.swift */; };
		DDB893F22AE824D1002CF4EE /* LaunchScreen.storyboard in Resources */ = {isa = PBXBuildFile; fileRef = DDB893F02AE824D1002CF4EE /* LaunchScreen.storyboard */; };
		DDB893FD2AE82E78002CF4EE /* UIColor+Consts.swift in Sources */ = {isa = PBXBuildFile; fileRef = DDB893FC2AE82E78002CF4EE /* UIColor+Consts.swift */; };
		DDB894002AE834F1002CF4EE /* UIFont+Consts.swift in Sources */ = {isa = PBXBuildFile; fileRef = DDB893FF2AE834F1002CF4EE /* UIFont+Consts.swift */; };
		DDB894022AE83827002CF4EE /* UIImage+Consts.swift in Sources */ = {isa = PBXBuildFile; fileRef = DDB894012AE83827002CF4EE /* UIImage+Consts.swift */; };
		DDB894052AE83AF2002CF4EE /* SnapKit in Frameworks */ = {isa = PBXBuildFile; productRef = DDB894042AE83AF2002CF4EE /* SnapKit */; };
		DDB8940A2AE83DE1002CF4EE /* LoginVC.swift in Sources */ = {isa = PBXBuildFile; fileRef = DDB894092AE83DE1002CF4EE /* LoginVC.swift */; };
		DDDF41CA2B207C5000D183F4 /* GoogleService-Info.plist in Resources */ = {isa = PBXBuildFile; fileRef = DDDF41C92B207C5000D183F4 /* GoogleService-Info.plist */; };
		DDDF41CD2B20804C00D183F4 /* FirebaseAnalytics in Frameworks */ = {isa = PBXBuildFile; productRef = DDDF41CC2B20804C00D183F4 /* FirebaseAnalytics */; };
		DDDF41CF2B20804C00D183F4 /* FirebaseAnalyticsOnDeviceConversion in Frameworks */ = {isa = PBXBuildFile; productRef = DDDF41CE2B20804C00D183F4 /* FirebaseAnalyticsOnDeviceConversion */; };
		DDDF41D12B20804C00D183F4 /* FirebaseAnalyticsSwift in Frameworks */ = {isa = PBXBuildFile; productRef = DDDF41D02B20804C00D183F4 /* FirebaseAnalyticsSwift */; };
		DDDF41D32B20804C00D183F4 /* FirebaseAnalyticsWithoutAdIdSupport in Frameworks */ = {isa = PBXBuildFile; productRef = DDDF41D22B20804C00D183F4 /* FirebaseAnalyticsWithoutAdIdSupport */; };
		DDDF41D92B20804C00D183F4 /* FirebaseAuth in Frameworks */ = {isa = PBXBuildFile; productRef = DDDF41D82B20804C00D183F4 /* FirebaseAuth */; };
		DDDF41DB2B20804C00D183F4 /* FirebaseAuthCombine-Community in Frameworks */ = {isa = PBXBuildFile; productRef = DDDF41DA2B20804C00D183F4 /* FirebaseAuthCombine-Community */; };
		DDDF41DD2B20804C00D183F4 /* FirebaseCrashlytics in Frameworks */ = {isa = PBXBuildFile; productRef = DDDF41DC2B20804C00D183F4 /* FirebaseCrashlytics */; };
		DDDF42042B20983800D183F4 /* AuthService.swift in Sources */ = {isa = PBXBuildFile; fileRef = DDDF42032B20983800D183F4 /* AuthService.swift */; };
		DDDF42062B209A1D00D183F4 /* AuthService+Login.swift in Sources */ = {isa = PBXBuildFile; fileRef = DDDF42052B209A1D00D183F4 /* AuthService+Login.swift */; };
		DDDF42092B209CD700D183F4 /* AlertBuilder.swift in Sources */ = {isa = PBXBuildFile; fileRef = DDDF42082B209CD700D183F4 /* AlertBuilder.swift */; };
		DDF3E94D2B0E090400CE23EA /* KeyboardHelper+Register.swift in Sources */ = {isa = PBXBuildFile; fileRef = DDF3E94C2B0E090400CE23EA /* KeyboardHelper+Register.swift */; };
/* End PBXBuildFile section */

/* Begin PBXFileReference section */
		DD00B1F12B1CB1FB00749721 /* TabBarAssembler.swift */ = {isa = PBXFileReference; lastKnownFileType = sourcecode.swift; path = TabBarAssembler.swift; sourceTree = "<group>"; };
		DD4632EA2B164B5A009275D3 /* ParametersHelper.swift */ = {isa = PBXFileReference; lastKnownFileType = sourcecode.swift; path = ParametersHelper.swift; sourceTree = "<group>"; };
		DD4632EF2B165474009275D3 /* OnboardFirstStepVC.swift */ = {isa = PBXFileReference; lastKnownFileType = sourcecode.swift; path = OnboardFirstStepVC.swift; sourceTree = "<group>"; };
		DD4632F12B165681009275D3 /* OnboardFirstStepVM.swift */ = {isa = PBXFileReference; lastKnownFileType = sourcecode.swift; path = OnboardFirstStepVM.swift; sourceTree = "<group>"; };
		DD4632F32B165725009275D3 /* OnboardFirstStepAssembler.swift */ = {isa = PBXFileReference; lastKnownFileType = sourcecode.swift; path = OnboardFirstStepAssembler.swift; sourceTree = "<group>"; };
		DD4632F52B1657D2009275D3 /* OnboardFirstStepCoordinator.swift */ = {isa = PBXFileReference; lastKnownFileType = sourcecode.swift; path = OnboardFirstStepCoordinator.swift; sourceTree = "<group>"; };
		DD4632F92B165AEF009275D3 /* OnboardSecondStepVC.swift */ = {isa = PBXFileReference; lastKnownFileType = sourcecode.swift; path = OnboardSecondStepVC.swift; sourceTree = "<group>"; };
		DD4632FB2B165AFA009275D3 /* OnboardSecondStepVM.swift */ = {isa = PBXFileReference; lastKnownFileType = sourcecode.swift; path = OnboardSecondStepVM.swift; sourceTree = "<group>"; };
		DD4632FD2B165C57009275D3 /* OnboardSecondStepAssembler.swift */ = {isa = PBXFileReference; lastKnownFileType = sourcecode.swift; path = OnboardSecondStepAssembler.swift; sourceTree = "<group>"; };
		DD4632FF2B165CD8009275D3 /* OnboardSecondStepCoordinator.swift */ = {isa = PBXFileReference; lastKnownFileType = sourcecode.swift; path = OnboardSecondStepCoordinator.swift; sourceTree = "<group>"; };
		DD4633012B1765B1009275D3 /* UIVC+hideNC.swift */ = {isa = PBXFileReference; lastKnownFileType = sourcecode.swift; path = "UIVC+hideNC.swift"; sourceTree = "<group>"; };
		DD4633052B17C092009275D3 /* HomeVC.swift */ = {isa = PBXFileReference; lastKnownFileType = sourcecode.swift; path = HomeVC.swift; sourceTree = "<group>"; };
		DD4633072B17C4F0009275D3 /* ProfileVC.swift */ = {isa = PBXFileReference; lastKnownFileType = sourcecode.swift; path = ProfileVC.swift; sourceTree = "<group>"; };
		DD46330A2B17C9CE009275D3 /* TabBarController.swift */ = {isa = PBXFileReference; lastKnownFileType = sourcecode.swift; path = TabBarController.swift; sourceTree = "<group>"; };
		DD46330C2B17D1A7009275D3 /* Assets.xcassets */ = {isa = PBXFileReference; lastKnownFileType = folder.assetcatalog; name = Assets.xcassets; path = "../../../../NoteMe COPY 25.11 before Home coordinator/NoteMe copy/NoteMe/Resource/Assets.xcassets"; sourceTree = "<group>"; };
		DD4CF49A2B15F01C00BCDF65 /* ResetCoordinator.swift */ = {isa = PBXFileReference; lastKnownFileType = sourcecode.swift; path = ResetCoordinator.swift; sourceTree = "<group>"; };
		DD4EBADD2B03DB8500CBABB8 /* RegisterPresenter.swift */ = {isa = PBXFileReference; lastKnownFileType = sourcecode.swift; path = RegisterPresenter.swift; sourceTree = "<group>"; };
		DD4EBADF2B03E13200CBABB8 /* RegisterAssembler.swift */ = {isa = PBXFileReference; lastKnownFileType = sourcecode.swift; path = RegisterAssembler.swift; sourceTree = "<group>"; };
		DD4EBAE22B03E53000CBABB8 /* KeyboardHelper.swift */ = {isa = PBXFileReference; lastKnownFileType = sourcecode.swift; path = KeyboardHelper.swift; sourceTree = "<group>"; };
		DD53AE802B24A86600D78D24 /* AuthService+Register.swift */ = {isa = PBXFileReference; lastKnownFileType = sourcecode.swift; path = "AuthService+Register.swift"; sourceTree = "<group>"; };
		DD53AE822B24A94C00D78D24 /* AuthService+Reset.swift */ = {isa = PBXFileReference; lastKnownFileType = sourcecode.swift; path = "AuthService+Reset.swift"; sourceTree = "<group>"; };
		DD5C55BA2B0A6AD60080065D /* ResetVM.swift */ = {isa = PBXFileReference; lastKnownFileType = sourcecode.swift; path = ResetVM.swift; sourceTree = "<group>"; };
		DD5C55BC2B0A6AEA0080065D /* ResetAssembler.swift */ = {isa = PBXFileReference; lastKnownFileType = sourcecode.swift; path = ResetAssembler.swift; sourceTree = "<group>"; };
		DD5C55BF2B0A8D360080065D /* InputValidator+Reset.swift */ = {isa = PBXFileReference; lastKnownFileType = sourcecode.swift; path = "InputValidator+Reset.swift"; sourceTree = "<group>"; };
		DD5E1B652AF15F48004512AF /* View+Layer.swift */ = {isa = PBXFileReference; lastKnownFileType = sourcecode.swift; path = "View+Layer.swift"; sourceTree = "<group>"; };
		DD5E1B682AF1602A004512AF /* UIButton+Styles.swift */ = {isa = PBXFileReference; lastKnownFileType = sourcecode.swift; path = "UIButton+Styles.swift"; sourceTree = "<group>"; };
		DD5E1B6B2AF16EC7004512AF /* LineTextField.swift */ = {isa = PBXFileReference; lastKnownFileType = sourcecode.swift; path = LineTextField.swift; sourceTree = "<group>"; };
		DD63C5832AF8F029007E6E35 /* String+Locale.swift */ = {isa = PBXFileReference; lastKnownFileType = sourcecode.swift; path = "String+Locale.swift"; sourceTree = "<group>"; };
		DD6EA1252AF7813E004E0CF2 /* RegisterVC.swift */ = {isa = PBXFileReference; lastKnownFileType = sourcecode.swift; path = RegisterVC.swift; sourceTree = "<group>"; };
		DD6EA1282AF78435004E0CF2 /* ResetVC.swift */ = {isa = PBXFileReference; lastKnownFileType = sourcecode.swift; path = ResetVC.swift; sourceTree = "<group>"; };
		DD6EA12F2AF7E41E004E0CF2 /* en */ = {isa = PBXFileReference; lastKnownFileType = text.plist.strings; name = en; path = en.lproj/Localizable.strings; sourceTree = "<group>"; };
		DD6EA1312AF7E4C9004E0CF2 /* ru */ = {isa = PBXFileReference; lastKnownFileType = text.plist.strings; name = ru; path = ru.lproj/LaunchScreen.strings; sourceTree = "<group>"; };
		DD6EA1322AF7E4C9004E0CF2 /* ru */ = {isa = PBXFileReference; lastKnownFileType = text.plist.strings; name = ru; path = ru.lproj/Localizable.strings; sourceTree = "<group>"; };
		DD6F0E2D2B0D124D006EB549 /* AppCoordinator.swift */ = {isa = PBXFileReference; lastKnownFileType = sourcecode.swift; path = AppCoordinator.swift; sourceTree = "<group>"; };
		DD6F0E302B0D129F006EB549 /* Coordinator.swift */ = {isa = PBXFileReference; lastKnownFileType = sourcecode.swift; path = Coordinator.swift; sourceTree = "<group>"; };
		DD6F0E332B0D1B71006EB549 /* LoginCoordinator.swift */ = {isa = PBXFileReference; lastKnownFileType = sourcecode.swift; path = LoginCoordinator.swift; sourceTree = "<group>"; };
		DD6F0E362B0D24C4006EB549 /* RegisterCoordinator.swift */ = {isa = PBXFileReference; lastKnownFileType = sourcecode.swift; path = RegisterCoordinator.swift; sourceTree = "<group>"; };
		DD734FF12AF6B99500A2C4F4 /* UILabel+Styles.swift */ = {isa = PBXFileReference; lastKnownFileType = sourcecode.swift; path = "UILabel+Styles.swift"; sourceTree = "<group>"; };
		DD734FF32AF6BEE800A2C4F4 /* UIView+Styles.swift */ = {isa = PBXFileReference; lastKnownFileType = sourcecode.swift; path = "UIView+Styles.swift"; sourceTree = "<group>"; };
		DD9E12EB2B0BAB8500EF5671 /* InputValidator+Register.swift */ = {isa = PBXFileReference; lastKnownFileType = sourcecode.swift; path = "InputValidator+Register.swift"; sourceTree = "<group>"; };
		DDA7B6382AFE942D005FEFDB /* UIButton+Actions.swift */ = {isa = PBXFileReference; lastKnownFileType = sourcecode.swift; path = "UIButton+Actions.swift"; sourceTree = "<group>"; };
		DDA7B63A2AFE9780005FEFDB /* LoginVM.swift */ = {isa = PBXFileReference; lastKnownFileType = sourcecode.swift; path = LoginVM.swift; sourceTree = "<group>"; };
		DDA7B63C2AFE97EE005FEFDB /* LoginAssembler.swift */ = {isa = PBXFileReference; lastKnownFileType = sourcecode.swift; path = LoginAssembler.swift; sourceTree = "<group>"; };
		DDA7B6402AFEA1B4005FEFDB /* InputValidator.swift */ = {isa = PBXFileReference; lastKnownFileType = sourcecode.swift; path = InputValidator.swift; sourceTree = "<group>"; };
		DDA7B6432AFEA815005FEFDB /* InputValidator+Login.swift */ = {isa = PBXFileReference; lastKnownFileType = sourcecode.swift; path = "InputValidator+Login.swift"; sourceTree = "<group>"; };
		DDB893E22AE824D0002CF4EE /* NoteMe.app */ = {isa = PBXFileReference; explicitFileType = wrapper.application; includeInIndex = 0; path = NoteMe.app; sourceTree = BUILT_PRODUCTS_DIR; };
		DDB893E52AE824D0002CF4EE /* AppDelegate.swift */ = {isa = PBXFileReference; lastKnownFileType = sourcecode.swift; path = AppDelegate.swift; sourceTree = "<group>"; };
		DDB893E72AE824D0002CF4EE /* SceneDelegate.swift */ = {isa = PBXFileReference; lastKnownFileType = sourcecode.swift; path = SceneDelegate.swift; sourceTree = "<group>"; };
		DDB893F12AE824D1002CF4EE /* Base */ = {isa = PBXFileReference; lastKnownFileType = file.storyboard; name = Base; path = Base.lproj/LaunchScreen.storyboard; sourceTree = "<group>"; };
		DDB893F32AE824D1002CF4EE /* Info.plist */ = {isa = PBXFileReference; lastKnownFileType = text.plist.xml; path = Info.plist; sourceTree = "<group>"; };
		DDB893FC2AE82E78002CF4EE /* UIColor+Consts.swift */ = {isa = PBXFileReference; lastKnownFileType = sourcecode.swift; path = "UIColor+Consts.swift"; sourceTree = "<group>"; };
		DDB893FF2AE834F1002CF4EE /* UIFont+Consts.swift */ = {isa = PBXFileReference; lastKnownFileType = sourcecode.swift; path = "UIFont+Consts.swift"; sourceTree = "<group>"; };
		DDB894012AE83827002CF4EE /* UIImage+Consts.swift */ = {isa = PBXFileReference; lastKnownFileType = sourcecode.swift; path = "UIImage+Consts.swift"; sourceTree = "<group>"; };
		DDB894092AE83DE1002CF4EE /* LoginVC.swift */ = {isa = PBXFileReference; lastKnownFileType = sourcecode.swift; path = LoginVC.swift; sourceTree = "<group>"; };
		DDDF41C92B207C5000D183F4 /* GoogleService-Info.plist */ = {isa = PBXFileReference; fileEncoding = 4; lastKnownFileType = text.plist.xml; path = "GoogleService-Info.plist"; sourceTree = "<group>"; };
		DDDF42032B20983800D183F4 /* AuthService.swift */ = {isa = PBXFileReference; lastKnownFileType = sourcecode.swift; path = AuthService.swift; sourceTree = "<group>"; };
		DDDF42052B209A1D00D183F4 /* AuthService+Login.swift */ = {isa = PBXFileReference; lastKnownFileType = sourcecode.swift; path = "AuthService+Login.swift"; sourceTree = "<group>"; };
		DDDF42082B209CD700D183F4 /* AlertBuilder.swift */ = {isa = PBXFileReference; lastKnownFileType = sourcecode.swift; path = AlertBuilder.swift; sourceTree = "<group>"; };
		DDF3E94C2B0E090400CE23EA /* KeyboardHelper+Register.swift */ = {isa = PBXFileReference; lastKnownFileType = sourcecode.swift; path = "KeyboardHelper+Register.swift"; sourceTree = "<group>"; };
/* End PBXFileReference section */

/* Begin PBXFrameworksBuildPhase section */
		DDB893DF2AE824D0002CF4EE /* Frameworks */ = {
			isa = PBXFrameworksBuildPhase;
			buildActionMask = 2147483647;
			files = (
				DDDF41DB2B20804C00D183F4 /* FirebaseAuthCombine-Community in Frameworks */,
				DDDF41D12B20804C00D183F4 /* FirebaseAnalyticsSwift in Frameworks */,
				DDDF41D32B20804C00D183F4 /* FirebaseAnalyticsWithoutAdIdSupport in Frameworks */,
				DDDF41CD2B20804C00D183F4 /* FirebaseAnalytics in Frameworks */,
				DDDF41CF2B20804C00D183F4 /* FirebaseAnalyticsOnDeviceConversion in Frameworks */,
				DDDF41DD2B20804C00D183F4 /* FirebaseCrashlytics in Frameworks */,
				DDB894052AE83AF2002CF4EE /* SnapKit in Frameworks */,
				DDDF41D92B20804C00D183F4 /* FirebaseAuth in Frameworks */,
			);
			runOnlyForDeploymentPostprocessing = 0;
		};
/* End PBXFrameworksBuildPhase section */

/* Begin PBXGroup section */
		DD4632E92B164B48009275D3 /* ParametersHelper */ = {
			isa = PBXGroup;
			children = (
				DD4632EA2B164B5A009275D3 /* ParametersHelper.swift */,
			);
			path = ParametersHelper;
			sourceTree = "<group>";
		};
		DD4632EC2B16540A009275D3 /* Onboarding */ = {
			isa = PBXGroup;
			children = (
				DD4632ED2B165432009275D3 /* OnboardFirstStep */,
				DD4632F72B165AB9009275D3 /* OnboardSecondStep */,
			);
			path = Onboarding;
			sourceTree = "<group>";
		};
		DD4632ED2B165432009275D3 /* OnboardFirstStep */ = {
			isa = PBXGroup;
			children = (
				DD4632EE2B16544A009275D3 /* Coordinator */,
				DD4632EF2B165474009275D3 /* OnboardFirstStepVC.swift */,
				DD4632F12B165681009275D3 /* OnboardFirstStepVM.swift */,
			);
			path = OnboardFirstStep;
			sourceTree = "<group>";
		};
		DD4632EE2B16544A009275D3 /* Coordinator */ = {
			isa = PBXGroup;
			children = (
				DD4632F32B165725009275D3 /* OnboardFirstStepAssembler.swift */,
				DD4632F52B1657D2009275D3 /* OnboardFirstStepCoordinator.swift */,
			);
			path = Coordinator;
			sourceTree = "<group>";
		};
		DD4632F72B165AB9009275D3 /* OnboardSecondStep */ = {
			isa = PBXGroup;
			children = (
				DD4632F82B165AD2009275D3 /* Coordinator */,
				DD4632F92B165AEF009275D3 /* OnboardSecondStepVC.swift */,
				DD4632FB2B165AFA009275D3 /* OnboardSecondStepVM.swift */,
			);
			path = OnboardSecondStep;
			sourceTree = "<group>";
		};
		DD4632F82B165AD2009275D3 /* Coordinator */ = {
			isa = PBXGroup;
			children = (
				DD4632FD2B165C57009275D3 /* OnboardSecondStepAssembler.swift */,
				DD4632FF2B165CD8009275D3 /* OnboardSecondStepCoordinator.swift */,
			);
			path = Coordinator;
			sourceTree = "<group>";
		};
		DD4633042B17C081009275D3 /* Main */ = {
			isa = PBXGroup;
			children = (
				DD4633092B17C9AE009275D3 /* TabBarController */,
				DD4633052B17C092009275D3 /* HomeVC.swift */,
				DD4633072B17C4F0009275D3 /* ProfileVC.swift */,
			);
			path = Main;
			sourceTree = "<group>";
		};
		DD4633092B17C9AE009275D3 /* TabBarController */ = {
			isa = PBXGroup;
			children = (
				DD46330A2B17C9CE009275D3 /* TabBarController.swift */,
				DD00B1F12B1CB1FB00749721 /* TabBarAssembler.swift */,
			);
			path = TabBarController;
			sourceTree = "<group>";
		};
		DD4CF4992B15F00100BCDF65 /* Coordinator */ = {
			isa = PBXGroup;
			children = (
				DD4CF49A2B15F01C00BCDF65 /* ResetCoordinator.swift */,
				DD5C55BC2B0A6AEA0080065D /* ResetAssembler.swift */,
			);
			path = Coordinator;
			sourceTree = "<group>";
		};
		DD4EBAE12B03E50C00CBABB8 /* KeyboardHelper */ = {
			isa = PBXGroup;
			children = (
				DD4EBAE22B03E53000CBABB8 /* KeyboardHelper.swift */,
			);
			path = KeyboardHelper;
			sourceTree = "<group>";
		};
		DD5C55BE2B0A8D1A0080065D /* UseCases */ = {
			isa = PBXGroup;
			children = (
				DD5C55BF2B0A8D360080065D /* InputValidator+Reset.swift */,
				DD53AE822B24A94C00D78D24 /* AuthService+Reset.swift */,
			);
			path = UseCases;
			sourceTree = "<group>";
		};
		DD5E1B642AF15EBD004512AF /* Utils */ = {
			isa = PBXGroup;
			children = (
				DD5E1B652AF15F48004512AF /* View+Layer.swift */,
				DD63C5832AF8F029007E6E35 /* String+Locale.swift */,
				DDA7B6382AFE942D005FEFDB /* UIButton+Actions.swift */,
				DD4633012B1765B1009275D3 /* UIVC+hideNC.swift */,
			);
			path = Utils;
			sourceTree = "<group>";
		};
		DD5E1B672AF15FFE004512AF /* Styles */ = {
			isa = PBXGroup;
			children = (
				DD5E1B682AF1602A004512AF /* UIButton+Styles.swift */,
				DD734FF12AF6B99500A2C4F4 /* UILabel+Styles.swift */,
				DD734FF32AF6BEE800A2C4F4 /* UIView+Styles.swift */,
			);
			path = Styles;
			sourceTree = "<group>";
		};
		DD5E1B6A2AF16E9A004512AF /* Custom */ = {
			isa = PBXGroup;
			children = (
				DD5E1B6B2AF16EC7004512AF /* LineTextField.swift */,
			);
			path = Custom;
			sourceTree = "<group>";
		};
		DD6EA1242AF78122004E0CF2 /* Register */ = {
			isa = PBXGroup;
			children = (
				DD6F0E352B0D24B6006EB549 /* Coordinator */,
				DD9E12EA2B0BAB6E00EF5671 /* UseCases */,
				DD6EA1252AF7813E004E0CF2 /* RegisterVC.swift */,
				DD4EBADD2B03DB8500CBABB8 /* RegisterPresenter.swift */,
			);
			path = Register;
			sourceTree = "<group>";
		};
		DD6EA1272AF78404004E0CF2 /* Reset */ = {
			isa = PBXGroup;
			children = (
				DD4CF4992B15F00100BCDF65 /* Coordinator */,
				DD5C55BE2B0A8D1A0080065D /* UseCases */,
				DD6EA1282AF78435004E0CF2 /* ResetVC.swift */,
				DD5C55BA2B0A6AD60080065D /* ResetVM.swift */,
			);
			path = Reset;
			sourceTree = "<group>";
		};
		DD6F0E2F2B0D1290006EB549 /* Coordinator */ = {
			isa = PBXGroup;
			children = (
				DD6F0E302B0D129F006EB549 /* Coordinator.swift */,
			);
			path = Coordinator;
			sourceTree = "<group>";
		};
		DD6F0E322B0D1B58006EB549 /* Coordinator */ = {
			isa = PBXGroup;
			children = (
				DD6F0E332B0D1B71006EB549 /* LoginCoordinator.swift */,
				DDA7B63C2AFE97EE005FEFDB /* LoginAssembler.swift */,
			);
			path = Coordinator;
			sourceTree = "<group>";
		};
		DD6F0E352B0D24B6006EB549 /* Coordinator */ = {
			isa = PBXGroup;
			children = (
				DD6F0E362B0D24C4006EB549 /* RegisterCoordinator.swift */,
				DD4EBADF2B03E13200CBABB8 /* RegisterAssembler.swift */,
			);
			path = Coordinator;
			sourceTree = "<group>";
		};
		DD9E12EA2B0BAB6E00EF5671 /* UseCases */ = {
			isa = PBXGroup;
			children = (
				DD53AE802B24A86600D78D24 /* AuthService+Register.swift */,
				DD9E12EB2B0BAB8500EF5671 /* InputValidator+Register.swift */,
				DDF3E94C2B0E090400CE23EA /* KeyboardHelper+Register.swift */,
			);
			path = UseCases;
			sourceTree = "<group>";
		};
		DDA7B63E2AFEA14C005FEFDB /* Services */ = {
			isa = PBXGroup;
			children = (
				DDDF42072B209CBD00D183F4 /* AlertBuilder */,
				DDDF42022B20982700D183F4 /* AuthService */,
				DD4632E92B164B48009275D3 /* ParametersHelper */,
				DD6F0E2F2B0D1290006EB549 /* Coordinator */,
				DDA7B63F2AFEA165005FEFDB /* InputValidator */,
				DD4EBAE12B03E50C00CBABB8 /* KeyboardHelper */,
			);
			path = Services;
			sourceTree = "<group>";
		};
		DDA7B63F2AFEA165005FEFDB /* InputValidator */ = {
			isa = PBXGroup;
			children = (
				DDA7B6402AFEA1B4005FEFDB /* InputValidator.swift */,
			);
			path = InputValidator;
			sourceTree = "<group>";
		};
		DDA7B6422AFEA7B7005FEFDB /* UseCases */ = {
			isa = PBXGroup;
			children = (
				DDA7B6432AFEA815005FEFDB /* InputValidator+Login.swift */,
				DDDF42052B209A1D00D183F4 /* AuthService+Login.swift */,
			);
			path = UseCases;
			sourceTree = "<group>";
		};
		DDB893D92AE824D0002CF4EE = {
			isa = PBXGroup;
			children = (
				DDB893E42AE824D0002CF4EE /* NoteMe */,
				DDB893E32AE824D0002CF4EE /* Products */,
			);
			sourceTree = "<group>";
		};
		DDB893E32AE824D0002CF4EE /* Products */ = {
			isa = PBXGroup;
			children = (
				DDB893E22AE824D0002CF4EE /* NoteMe.app */,
			);
			name = Products;
			sourceTree = "<group>";
		};
		DDB893E42AE824D0002CF4EE /* NoteMe */ = {
			isa = PBXGroup;
			children = (
				DDB893F92AE82D08002CF4EE /* App */,
				DD5E1B6A2AF16E9A004512AF /* Custom */,
				DDB894062AE83D7B002CF4EE /* Modules */,
				DDB893FA2AE82DAD002CF4EE /* Resource */,
				DDA7B63E2AFEA14C005FEFDB /* Services */,
				DD5E1B672AF15FFE004512AF /* Styles */,
				DD5E1B642AF15EBD004512AF /* Utils */,
				DDB893F02AE824D1002CF4EE /* LaunchScreen.storyboard */,
				DDB893F32AE824D1002CF4EE /* Info.plist */,
				DDDF41C92B207C5000D183F4 /* GoogleService-Info.plist */,
			);
			path = NoteMe;
			sourceTree = "<group>";
		};
		DDB893F92AE82D08002CF4EE /* App */ = {
			isa = PBXGroup;
			children = (
				DD6F0E2D2B0D124D006EB549 /* AppCoordinator.swift */,
				DDB893E52AE824D0002CF4EE /* AppDelegate.swift */,
				DDB893E72AE824D0002CF4EE /* SceneDelegate.swift */,
			);
			path = App;
			sourceTree = "<group>";
		};
		DDB893FA2AE82DAD002CF4EE /* Resource */ = {
			isa = PBXGroup;
			children = (
				DDB893FB2AE82E3D002CF4EE /* Consts */,
				DD46330C2B17D1A7009275D3 /* Assets.xcassets */,
				DD6EA1302AF7E41E004E0CF2 /* Localizable.strings */,
			);
			path = Resource;
			sourceTree = "<group>";
		};
		DDB893FB2AE82E3D002CF4EE /* Consts */ = {
			isa = PBXGroup;
			children = (
				DDB893FC2AE82E78002CF4EE /* UIColor+Consts.swift */,
				DDB893FF2AE834F1002CF4EE /* UIFont+Consts.swift */,
				DDB894012AE83827002CF4EE /* UIImage+Consts.swift */,
			);
			path = Consts;
			sourceTree = "<group>";
		};
		DDB894062AE83D7B002CF4EE /* Modules */ = {
			isa = PBXGroup;
			children = (
				DDB894072AE83DAC002CF4EE /* Auth */,
				DD4632EC2B16540A009275D3 /* Onboarding */,
				DD4633042B17C081009275D3 /* Main */,
			);
			path = Modules;
			sourceTree = "<group>";
		};
		DDB894072AE83DAC002CF4EE /* Auth */ = {
			isa = PBXGroup;
			children = (
				DDB894082AE83DBE002CF4EE /* Login */,
				DD6EA1242AF78122004E0CF2 /* Register */,
				DD6EA1272AF78404004E0CF2 /* Reset */,
			);
			path = Auth;
			sourceTree = "<group>";
		};
		DDB894082AE83DBE002CF4EE /* Login */ = {
			isa = PBXGroup;
			children = (
				DD6F0E322B0D1B58006EB549 /* Coordinator */,
				DDA7B6422AFEA7B7005FEFDB /* UseCases */,
				DDB894092AE83DE1002CF4EE /* LoginVC.swift */,
				DDA7B63A2AFE9780005FEFDB /* LoginVM.swift */,
			);
			path = Login;
			sourceTree = "<group>";
		};
		DDDF42022B20982700D183F4 /* AuthService */ = {
			isa = PBXGroup;
			children = (
				DDDF42032B20983800D183F4 /* AuthService.swift */,
			);
			path = AuthService;
			sourceTree = "<group>";
		};
		DDDF42072B209CBD00D183F4 /* AlertBuilder */ = {
			isa = PBXGroup;
			children = (
				DDDF42082B209CD700D183F4 /* AlertBuilder.swift */,
			);
			path = AlertBuilder;
			sourceTree = "<group>";
		};
/* End PBXGroup section */

/* Begin PBXNativeTarget section */
		DDB893E12AE824D0002CF4EE /* NoteMe */ = {
			isa = PBXNativeTarget;
			buildConfigurationList = DDB893F62AE824D1002CF4EE /* Build configuration list for PBXNativeTarget "NoteMe" */;
			buildPhases = (
				DDB893DE2AE824D0002CF4EE /* Sources */,
				DDB893DF2AE824D0002CF4EE /* Frameworks */,
				DDB893E02AE824D0002CF4EE /* Resources */,
			);
			buildRules = (
			);
			dependencies = (
			);
			name = NoteMe;
			packageProductDependencies = (
				DDB894042AE83AF2002CF4EE /* SnapKit */,
				DDDF41CC2B20804C00D183F4 /* FirebaseAnalytics */,
				DDDF41CE2B20804C00D183F4 /* FirebaseAnalyticsOnDeviceConversion */,
				DDDF41D02B20804C00D183F4 /* FirebaseAnalyticsSwift */,
				DDDF41D22B20804C00D183F4 /* FirebaseAnalyticsWithoutAdIdSupport */,
				DDDF41D82B20804C00D183F4 /* FirebaseAuth */,
				DDDF41DA2B20804C00D183F4 /* FirebaseAuthCombine-Community */,
				DDDF41DC2B20804C00D183F4 /* FirebaseCrashlytics */,
			);
			productName = NoteMe;
			productReference = DDB893E22AE824D0002CF4EE /* NoteMe.app */;
			productType = "com.apple.product-type.application";
		};
/* End PBXNativeTarget section */

/* Begin PBXProject section */
		DDB893DA2AE824D0002CF4EE /* Project object */ = {
			isa = PBXProject;
			attributes = {
				BuildIndependentTargetsInParallel = 1;
				LastSwiftUpdateCheck = 1500;
				LastUpgradeCheck = 1500;
				TargetAttributes = {
					DDB893E12AE824D0002CF4EE = {
						CreatedOnToolsVersion = 15.0.1;
					};
				};
			};
			buildConfigurationList = DDB893DD2AE824D0002CF4EE /* Build configuration list for PBXProject "NoteMe" */;
			compatibilityVersion = "Xcode 14.0";
			developmentRegion = en;
			hasScannedForEncodings = 0;
			knownRegions = (
				en,
				Base,
				ru,
			);
			mainGroup = DDB893D92AE824D0002CF4EE;
			packageReferences = (
				DDB894032AE83AF2002CF4EE /* XCRemoteSwiftPackageReference "SnapKit" */,
				DDDF41CB2B20804C00D183F4 /* XCRemoteSwiftPackageReference "firebase-ios-sdk" */,
			);
			productRefGroup = DDB893E32AE824D0002CF4EE /* Products */;
			projectDirPath = "";
			projectRoot = "";
			targets = (
				DDB893E12AE824D0002CF4EE /* NoteMe */,
			);
		};
/* End PBXProject section */

/* Begin PBXResourcesBuildPhase section */
		DDB893E02AE824D0002CF4EE /* Resources */ = {
			isa = PBXResourcesBuildPhase;
			buildActionMask = 2147483647;
			files = (
				DDB893F22AE824D1002CF4EE /* LaunchScreen.storyboard in Resources */,
				DDDF41CA2B207C5000D183F4 /* GoogleService-Info.plist in Resources */,
				DD46330D2B17D1A7009275D3 /* Assets.xcassets in Resources */,
				DD6EA12E2AF7E41E004E0CF2 /* Localizable.strings in Resources */,
			);
			runOnlyForDeploymentPostprocessing = 0;
		};
/* End PBXResourcesBuildPhase section */

/* Begin PBXSourcesBuildPhase section */
		DDB893DE2AE824D0002CF4EE /* Sources */ = {
			isa = PBXSourcesBuildPhase;
			buildActionMask = 2147483647;
			files = (
				DDB894022AE83827002CF4EE /* UIImage+Consts.swift in Sources */,
				DD4632F42B165725009275D3 /* OnboardFirstStepAssembler.swift in Sources */,
				DD6EA1292AF78435004E0CF2 /* ResetVC.swift in Sources */,
				DD46330B2B17C9CE009275D3 /* TabBarController.swift in Sources */,
				DDA7B6442AFEA815005FEFDB /* InputValidator+Login.swift in Sources */,
				DDDF42092B209CD700D183F4 /* AlertBuilder.swift in Sources */,
				DD4632FE2B165C57009275D3 /* OnboardSecondStepAssembler.swift in Sources */,
				DDB894002AE834F1002CF4EE /* UIFont+Consts.swift in Sources */,
				DD4633062B17C092009275D3 /* HomeVC.swift in Sources */,
				DD734FF42AF6BEE800A2C4F4 /* UIView+Styles.swift in Sources */,
				DD4632EB2B164B5A009275D3 /* ParametersHelper.swift in Sources */,
				DDA7B63B2AFE9780005FEFDB /* LoginVM.swift in Sources */,
				DD6F0E2E2B0D124D006EB549 /* AppCoordinator.swift in Sources */,
				DD4EBAE02B03E13200CBABB8 /* RegisterAssembler.swift in Sources */,
				DDB8940A2AE83DE1002CF4EE /* LoginVC.swift in Sources */,
				DDA7B63D2AFE97EE005FEFDB /* LoginAssembler.swift in Sources */,
				DD4633002B165CD8009275D3 /* OnboardSecondStepCoordinator.swift in Sources */,
				DD63C5842AF8F029007E6E35 /* String+Locale.swift in Sources */,
				DD00B1F22B1CB1FB00749721 /* TabBarAssembler.swift in Sources */,
				DDDF42042B20983800D183F4 /* AuthService.swift in Sources */,
				DD5E1B692AF1602A004512AF /* UIButton+Styles.swift in Sources */,
				DDA7B6392AFE942D005FEFDB /* UIButton+Actions.swift in Sources */,
				DD9E12EC2B0BAB8500EF5671 /* InputValidator+Register.swift in Sources */,
				DD4632F02B165474009275D3 /* OnboardFirstStepVC.swift in Sources */,
				DD4633082B17C4F0009275D3 /* ProfileVC.swift in Sources */,
				DDB893E62AE824D0002CF4EE /* AppDelegate.swift in Sources */,
				DDB893FD2AE82E78002CF4EE /* UIColor+Consts.swift in Sources */,
				DD734FF22AF6B99500A2C4F4 /* UILabel+Styles.swift in Sources */,
				DDF3E94D2B0E090400CE23EA /* KeyboardHelper+Register.swift in Sources */,
				DD4633022B1765B1009275D3 /* UIVC+hideNC.swift in Sources */,
				DD5C55BB2B0A6AD60080065D /* ResetVM.swift in Sources */,
				DD5C55BD2B0A6AEA0080065D /* ResetAssembler.swift in Sources */,
				DDA7B6412AFEA1B4005FEFDB /* InputValidator.swift in Sources */,
				DD6F0E342B0D1B71006EB549 /* LoginCoordinator.swift in Sources */,
				DD6F0E312B0D129F006EB549 /* Coordinator.swift in Sources */,
				DD4632F22B165681009275D3 /* OnboardFirstStepVM.swift in Sources */,
				DD4EBAE32B03E53000CBABB8 /* KeyboardHelper.swift in Sources */,
				DD4CF49B2B15F01C00BCDF65 /* ResetCoordinator.swift in Sources */,
				DD53AE812B24A86600D78D24 /* AuthService+Register.swift in Sources */,
				DD4632F62B1657D2009275D3 /* OnboardFirstStepCoordinator.swift in Sources */,
				DD4EBADE2B03DB8500CBABB8 /* RegisterPresenter.swift in Sources */,
				DD53AE832B24A94C00D78D24 /* AuthService+Reset.swift in Sources */,
				DD5E1B662AF15F48004512AF /* View+Layer.swift in Sources */,
				DD4632FC2B165AFA009275D3 /* OnboardSecondStepVM.swift in Sources */,
				DDDF42062B209A1D00D183F4 /* AuthService+Login.swift in Sources */,
				DD4632FA2B165AEF009275D3 /* OnboardSecondStepVC.swift in Sources */,
				DD6EA1262AF7813E004E0CF2 /* RegisterVC.swift in Sources */,
				DD5C55C02B0A8D360080065D /* InputValidator+Reset.swift in Sources */,
				DDB893E82AE824D0002CF4EE /* SceneDelegate.swift in Sources */,
				DD5E1B6C2AF16EC7004512AF /* LineTextField.swift in Sources */,
				DD6F0E372B0D24C4006EB549 /* RegisterCoordinator.swift in Sources */,
			);
			runOnlyForDeploymentPostprocessing = 0;
		};
/* End PBXSourcesBuildPhase section */

/* Begin PBXVariantGroup section */
		DD6EA1302AF7E41E004E0CF2 /* Localizable.strings */ = {
			isa = PBXVariantGroup;
			children = (
				DD6EA12F2AF7E41E004E0CF2 /* en */,
				DD6EA1322AF7E4C9004E0CF2 /* ru */,
			);
			name = Localizable.strings;
			sourceTree = "<group>";
		};
		DDB893F02AE824D1002CF4EE /* LaunchScreen.storyboard */ = {
			isa = PBXVariantGroup;
			children = (
				DDB893F12AE824D1002CF4EE /* Base */,
				DD6EA1312AF7E4C9004E0CF2 /* ru */,
			);
			name = LaunchScreen.storyboard;
			sourceTree = "<group>";
		};
/* End PBXVariantGroup section */

/* Begin XCBuildConfiguration section */
		DDB893F42AE824D1002CF4EE /* Debug */ = {
			isa = XCBuildConfiguration;
			buildSettings = {
				ALWAYS_SEARCH_USER_PATHS = NO;
				ASSETCATALOG_COMPILER_GENERATE_SWIFT_ASSET_SYMBOL_EXTENSIONS = YES;
				CLANG_ANALYZER_LOCALIZABILITY_NONLOCALIZED = YES;
				CLANG_ANALYZER_NONNULL = YES;
				CLANG_ANALYZER_NUMBER_OBJECT_CONVERSION = YES_AGGRESSIVE;
				CLANG_CXX_LANGUAGE_STANDARD = "gnu++20";
				CLANG_ENABLE_MODULES = YES;
				CLANG_ENABLE_OBJC_ARC = YES;
				CLANG_ENABLE_OBJC_WEAK = YES;
				CLANG_WARN_BLOCK_CAPTURE_AUTORELEASING = YES;
				CLANG_WARN_BOOL_CONVERSION = YES;
				CLANG_WARN_COMMA = YES;
				CLANG_WARN_CONSTANT_CONVERSION = YES;
				CLANG_WARN_DEPRECATED_OBJC_IMPLEMENTATIONS = YES;
				CLANG_WARN_DIRECT_OBJC_ISA_USAGE = YES_ERROR;
				CLANG_WARN_DOCUMENTATION_COMMENTS = YES;
				CLANG_WARN_EMPTY_BODY = YES;
				CLANG_WARN_ENUM_CONVERSION = YES;
				CLANG_WARN_INFINITE_RECURSION = YES;
				CLANG_WARN_INT_CONVERSION = YES;
				CLANG_WARN_NON_LITERAL_NULL_CONVERSION = YES;
				CLANG_WARN_OBJC_IMPLICIT_RETAIN_SELF = YES;
				CLANG_WARN_OBJC_LITERAL_CONVERSION = YES;
				CLANG_WARN_OBJC_ROOT_CLASS = YES_ERROR;
				CLANG_WARN_QUOTED_INCLUDE_IN_FRAMEWORK_HEADER = YES;
				CLANG_WARN_RANGE_LOOP_ANALYSIS = YES;
				CLANG_WARN_STRICT_PROTOTYPES = YES;
				CLANG_WARN_SUSPICIOUS_MOVE = YES;
				CLANG_WARN_UNGUARDED_AVAILABILITY = YES_AGGRESSIVE;
				CLANG_WARN_UNREACHABLE_CODE = YES;
				CLANG_WARN__DUPLICATE_METHOD_MATCH = YES;
				COPY_PHASE_STRIP = NO;
				DEBUG_INFORMATION_FORMAT = dwarf;
				ENABLE_STRICT_OBJC_MSGSEND = YES;
				ENABLE_TESTABILITY = YES;
				ENABLE_USER_SCRIPT_SANDBOXING = YES;
				GCC_C_LANGUAGE_STANDARD = gnu17;
				GCC_DYNAMIC_NO_PIC = NO;
				GCC_NO_COMMON_BLOCKS = YES;
				GCC_OPTIMIZATION_LEVEL = 0;
				GCC_PREPROCESSOR_DEFINITIONS = (
					"DEBUG=1",
					"$(inherited)",
				);
				GCC_WARN_64_TO_32_BIT_CONVERSION = YES;
				GCC_WARN_ABOUT_RETURN_TYPE = YES_ERROR;
				GCC_WARN_UNDECLARED_SELECTOR = YES;
				GCC_WARN_UNINITIALIZED_AUTOS = YES_AGGRESSIVE;
				GCC_WARN_UNUSED_FUNCTION = YES;
				GCC_WARN_UNUSED_VARIABLE = YES;
				IPHONEOS_DEPLOYMENT_TARGET = 17.0;
				LOCALIZATION_PREFERS_STRING_CATALOGS = YES;
				MTL_ENABLE_DEBUG_INFO = INCLUDE_SOURCE;
				MTL_FAST_MATH = YES;
				ONLY_ACTIVE_ARCH = YES;
				SDKROOT = iphoneos;
				SWIFT_ACTIVE_COMPILATION_CONDITIONS = "DEBUG $(inherited)";
				SWIFT_OPTIMIZATION_LEVEL = "-Onone";
			};
			name = Debug;
		};
		DDB893F52AE824D1002CF4EE /* Release */ = {
			isa = XCBuildConfiguration;
			buildSettings = {
				ALWAYS_SEARCH_USER_PATHS = NO;
				ASSETCATALOG_COMPILER_GENERATE_SWIFT_ASSET_SYMBOL_EXTENSIONS = YES;
				CLANG_ANALYZER_LOCALIZABILITY_NONLOCALIZED = YES;
				CLANG_ANALYZER_NONNULL = YES;
				CLANG_ANALYZER_NUMBER_OBJECT_CONVERSION = YES_AGGRESSIVE;
				CLANG_CXX_LANGUAGE_STANDARD = "gnu++20";
				CLANG_ENABLE_MODULES = YES;
				CLANG_ENABLE_OBJC_ARC = YES;
				CLANG_ENABLE_OBJC_WEAK = YES;
				CLANG_WARN_BLOCK_CAPTURE_AUTORELEASING = YES;
				CLANG_WARN_BOOL_CONVERSION = YES;
				CLANG_WARN_COMMA = YES;
				CLANG_WARN_CONSTANT_CONVERSION = YES;
				CLANG_WARN_DEPRECATED_OBJC_IMPLEMENTATIONS = YES;
				CLANG_WARN_DIRECT_OBJC_ISA_USAGE = YES_ERROR;
				CLANG_WARN_DOCUMENTATION_COMMENTS = YES;
				CLANG_WARN_EMPTY_BODY = YES;
				CLANG_WARN_ENUM_CONVERSION = YES;
				CLANG_WARN_INFINITE_RECURSION = YES;
				CLANG_WARN_INT_CONVERSION = YES;
				CLANG_WARN_NON_LITERAL_NULL_CONVERSION = YES;
				CLANG_WARN_OBJC_IMPLICIT_RETAIN_SELF = YES;
				CLANG_WARN_OBJC_LITERAL_CONVERSION = YES;
				CLANG_WARN_OBJC_ROOT_CLASS = YES_ERROR;
				CLANG_WARN_QUOTED_INCLUDE_IN_FRAMEWORK_HEADER = YES;
				CLANG_WARN_RANGE_LOOP_ANALYSIS = YES;
				CLANG_WARN_STRICT_PROTOTYPES = YES;
				CLANG_WARN_SUSPICIOUS_MOVE = YES;
				CLANG_WARN_UNGUARDED_AVAILABILITY = YES_AGGRESSIVE;
				CLANG_WARN_UNREACHABLE_CODE = YES;
				CLANG_WARN__DUPLICATE_METHOD_MATCH = YES;
				COPY_PHASE_STRIP = NO;
				DEBUG_INFORMATION_FORMAT = "dwarf-with-dsym";
				ENABLE_NS_ASSERTIONS = NO;
				ENABLE_STRICT_OBJC_MSGSEND = YES;
				ENABLE_USER_SCRIPT_SANDBOXING = YES;
				GCC_C_LANGUAGE_STANDARD = gnu17;
				GCC_NO_COMMON_BLOCKS = YES;
				GCC_WARN_64_TO_32_BIT_CONVERSION = YES;
				GCC_WARN_ABOUT_RETURN_TYPE = YES_ERROR;
				GCC_WARN_UNDECLARED_SELECTOR = YES;
				GCC_WARN_UNINITIALIZED_AUTOS = YES_AGGRESSIVE;
				GCC_WARN_UNUSED_FUNCTION = YES;
				GCC_WARN_UNUSED_VARIABLE = YES;
				IPHONEOS_DEPLOYMENT_TARGET = 17.0;
				LOCALIZATION_PREFERS_STRING_CATALOGS = YES;
				MTL_ENABLE_DEBUG_INFO = NO;
				MTL_FAST_MATH = YES;
				SDKROOT = iphoneos;
				SWIFT_COMPILATION_MODE = wholemodule;
				VALIDATE_PRODUCT = YES;
			};
			name = Release;
		};
		DDB893F72AE824D1002CF4EE /* Debug */ = {
			isa = XCBuildConfiguration;
			buildSettings = {
				ASSETCATALOG_COMPILER_APPICON_NAME = AppIcon;
				ASSETCATALOG_COMPILER_GLOBAL_ACCENT_COLOR_NAME = AccentColor;
				CODE_SIGN_IDENTITY = "Apple Development";
				CODE_SIGN_STYLE = Automatic;
				CURRENT_PROJECT_VERSION = 1;
				DEVELOPMENT_TEAM = A9S542Q43G;
				GENERATE_INFOPLIST_FILE = YES;
				INFOPLIST_FILE = NoteMe/Info.plist;
				INFOPLIST_KEY_CFBundleDisplayName = NOTEme;
				INFOPLIST_KEY_LSApplicationCategoryType = "public.app-category.lifestyle";
				INFOPLIST_KEY_UIApplicationSupportsIndirectInputEvents = YES;
				INFOPLIST_KEY_UILaunchStoryboardName = LaunchScreen;
				INFOPLIST_KEY_UIStatusBarStyle = UIStatusBarStyleLightContent;
				INFOPLIST_KEY_UISupportedInterfaceOrientations = UIInterfaceOrientationPortrait;
				IPHONEOS_DEPLOYMENT_TARGET = 13.0;
				LD_RUNPATH_SEARCH_PATHS = (
					"$(inherited)",
					"@executable_path/Frameworks",
				);
				MARKETING_VERSION = 1.0;
				PRODUCT_BUNDLE_IDENTIFIER = com.VadimBabushkin.NoteMe;
				PRODUCT_NAME = "$(TARGET_NAME)";
				PROVISIONING_PROFILE_SPECIFIER = "";
				SWIFT_EMIT_LOC_STRINGS = YES;
				SWIFT_VERSION = 5.0;
				TARGETED_DEVICE_FAMILY = "1,2";
			};
			name = Debug;
		};
		DDB893F82AE824D1002CF4EE /* Release */ = {
			isa = XCBuildConfiguration;
			buildSettings = {
				ASSETCATALOG_COMPILER_APPICON_NAME = AppIcon;
				ASSETCATALOG_COMPILER_GLOBAL_ACCENT_COLOR_NAME = AccentColor;
				CODE_SIGN_IDENTITY = "Apple Development";
				CODE_SIGN_STYLE = Automatic;
				CURRENT_PROJECT_VERSION = 1;
				DEVELOPMENT_TEAM = A9S542Q43G;
				GENERATE_INFOPLIST_FILE = YES;
				INFOPLIST_FILE = NoteMe/Info.plist;
				INFOPLIST_KEY_CFBundleDisplayName = NOTEme;
				INFOPLIST_KEY_LSApplicationCategoryType = "public.app-category.lifestyle";
				INFOPLIST_KEY_UIApplicationSupportsIndirectInputEvents = YES;
				INFOPLIST_KEY_UILaunchStoryboardName = LaunchScreen;
				INFOPLIST_KEY_UIStatusBarStyle = UIStatusBarStyleLightContent;
				INFOPLIST_KEY_UISupportedInterfaceOrientations = UIInterfaceOrientationPortrait;
				IPHONEOS_DEPLOYMENT_TARGET = 13.0;
				LD_RUNPATH_SEARCH_PATHS = (
					"$(inherited)",
					"@executable_path/Frameworks",
				);
				MARKETING_VERSION = 1.0;
				PRODUCT_BUNDLE_IDENTIFIER = com.VadimBabushkin.NoteMe;
				PRODUCT_NAME = "$(TARGET_NAME)";
				PROVISIONING_PROFILE_SPECIFIER = "";
				SWIFT_EMIT_LOC_STRINGS = YES;
				SWIFT_VERSION = 5.0;
				TARGETED_DEVICE_FAMILY = "1,2";
			};
			name = Release;
		};
/* End XCBuildConfiguration section */

/* Begin XCConfigurationList section */
		DDB893DD2AE824D0002CF4EE /* Build configuration list for PBXProject "NoteMe" */ = {
			isa = XCConfigurationList;
			buildConfigurations = (
				DDB893F42AE824D1002CF4EE /* Debug */,
				DDB893F52AE824D1002CF4EE /* Release */,
			);
			defaultConfigurationIsVisible = 0;
			defaultConfigurationName = Release;
		};
		DDB893F62AE824D1002CF4EE /* Build configuration list for PBXNativeTarget "NoteMe" */ = {
			isa = XCConfigurationList;
			buildConfigurations = (
				DDB893F72AE824D1002CF4EE /* Debug */,
				DDB893F82AE824D1002CF4EE /* Release */,
			);
			defaultConfigurationIsVisible = 0;
			defaultConfigurationName = Release;
		};
/* End XCConfigurationList section */

/* Begin XCRemoteSwiftPackageReference section */
		DDB894032AE83AF2002CF4EE /* XCRemoteSwiftPackageReference "SnapKit" */ = {
			isa = XCRemoteSwiftPackageReference;
			repositoryURL = "https://github.com/SnapKit/SnapKit.git";
			requirement = {
				kind = upToNextMajorVersion;
				minimumVersion = 5.6.0;
			};
		};
		DDDF41CB2B20804C00D183F4 /* XCRemoteSwiftPackageReference "firebase-ios-sdk" */ = {
			isa = XCRemoteSwiftPackageReference;
			repositoryURL = "https://github.com/firebase/firebase-ios-sdk";
			requirement = {
				kind = upToNextMajorVersion;
				minimumVersion = 10.19.0;
			};
		};
/* End XCRemoteSwiftPackageReference section */

/* Begin XCSwiftPackageProductDependency section */
		DDB894042AE83AF2002CF4EE /* SnapKit */ = {
			isa = XCSwiftPackageProductDependency;
			package = DDB894032AE83AF2002CF4EE /* XCRemoteSwiftPackageReference "SnapKit" */;
			productName = SnapKit;
		};
		DDDF41CC2B20804C00D183F4 /* FirebaseAnalytics */ = {
			isa = XCSwiftPackageProductDependency;
			package = DDDF41CB2B20804C00D183F4 /* XCRemoteSwiftPackageReference "firebase-ios-sdk" */;
			productName = FirebaseAnalytics;
		};
		DDDF41CE2B20804C00D183F4 /* FirebaseAnalyticsOnDeviceConversion */ = {
			isa = XCSwiftPackageProductDependency;
			package = DDDF41CB2B20804C00D183F4 /* XCRemoteSwiftPackageReference "firebase-ios-sdk" */;
			productName = FirebaseAnalyticsOnDeviceConversion;
		};
		DDDF41D02B20804C00D183F4 /* FirebaseAnalyticsSwift */ = {
			isa = XCSwiftPackageProductDependency;
			package = DDDF41CB2B20804C00D183F4 /* XCRemoteSwiftPackageReference "firebase-ios-sdk" */;
			productName = FirebaseAnalyticsSwift;
		};
		DDDF41D22B20804C00D183F4 /* FirebaseAnalyticsWithoutAdIdSupport */ = {
			isa = XCSwiftPackageProductDependency;
			package = DDDF41CB2B20804C00D183F4 /* XCRemoteSwiftPackageReference "firebase-ios-sdk" */;
			productName = FirebaseAnalyticsWithoutAdIdSupport;
		};
		DDDF41D82B20804C00D183F4 /* FirebaseAuth */ = {
			isa = XCSwiftPackageProductDependency;
			package = DDDF41CB2B20804C00D183F4 /* XCRemoteSwiftPackageReference "firebase-ios-sdk" */;
			productName = FirebaseAuth;
		};
		DDDF41DA2B20804C00D183F4 /* FirebaseAuthCombine-Community */ = {
			isa = XCSwiftPackageProductDependency;
			package = DDDF41CB2B20804C00D183F4 /* XCRemoteSwiftPackageReference "firebase-ios-sdk" */;
			productName = "FirebaseAuthCombine-Community";
		};
		DDDF41DC2B20804C00D183F4 /* FirebaseCrashlytics */ = {
			isa = XCSwiftPackageProductDependency;
			package = DDDF41CB2B20804C00D183F4 /* XCRemoteSwiftPackageReference "firebase-ios-sdk" */;
			productName = FirebaseCrashlytics;
		};
/* End XCSwiftPackageProductDependency section */
	};
	rootObject = DDB893DA2AE824D0002CF4EE /* Project object */;
}
